
Microsoft Visual Studio Solution File, Format Version 12.00
# Visual Studio Version 17
VisualStudioVersion = 17.1.32210.238
MinimumVisualStudioVersion = 10.0.40219.1
Project("{FAE04EC0-301F-11D3-BF4B-00C04F79EFBC}") = "DemoToiCN", "DemoToiCN\DemoToiCN.csproj", "{5B6B9EC4-819A-48D3-A7A2-75ED3610B6D2}"
EndProject
Global
	GlobalSection(SolutionConfigurationPlatforms) = preSolution
		Debug|Any CPU = Debug|Any CPU
		Release|Any CPU = Release|Any CPU
	EndGlobalSection
	GlobalSection(ProjectConfigurationPlatforms) = postSolution
		{5B6B9EC4-819A-48D3-A7A2-75ED3610B6D2}.Debug|Any CPU.ActiveCfg = Debug|Any CPU
		{5B6B9EC4-819A-48D3-A7A2-75ED3610B6D2}.Debug|Any CPU.Build.0 = Debug|Any CPU
		{5B6B9EC4-819A-48D3-A7A2-75ED3610B6D2}.Release|Any CPU.ActiveCfg = Release|Any CPU
		{5B6B9EC4-819A-48D3-A7A2-75ED3610B6D2}.Release|Any CPU.Build.0 = Release|Any CPU
	EndGlobalSection
	GlobalSection(SolutionProperties) = preSolution
		HideSolutionNode = FALSE
	EndGlobalSection
	GlobalSection(ExtensibilityGlobals) = postSolution
		SolutionGuid = {56EB5699-9EE8-436A-8055-3B9D1355A0CD}
	EndGlobalSection
EndGlobal
